<?xml version="1.0" encoding="utf-8"?>
<Project ToolsVersion="4.0" xmlns="http://schemas.microsoft.com/developer/msbuild/2003">
  <ItemGroup>
    <Filter Include="Common">
      <UniqueIdentifier>4942302d-957f-45fc-b271-740b646c83f5</UniqueIdentifier>
    </Filter>
    <Filter Include="Assets">
      <UniqueIdentifier>987462a8-fbcc-4be3-a5dc-62fcc4f19c0b</UniqueIdentifier>
      <Extensions>ico;cur;bmp;dds;dlg;fbx;rct;bin;rgs;gif;jpg;jpeg;jpe;resx;tga;tiff;tif;png;wav;mfcribbon-ms</Extensions>
    </Filter>
    <Filter Include="ImaseLib">
      <UniqueIdentifier>{572d5d65-760c-46a1-b268-da14ccfadb37}</UniqueIdentifier>
    </Filter>
    <Filter Include="Title">
      <UniqueIdentifier>{32cdb4dd-6222-4545-896d-5a91e9a59e43}</UniqueIdentifier>
    </Filter>
    <Filter Include="PakPakMonster">
      <UniqueIdentifier>{3b3daa1a-4413-484f-affa-8aaadedeaa4a}</UniqueIdentifier>
    </Filter>
    <Filter Include="PakPakMonster\Textures">
      <UniqueIdentifier>{d71fc945-48c1-4cd4-a158-2b3be86bc4cc}</UniqueIdentifier>
    </Filter>
    <Filter Include="Textures">
      <UniqueIdentifier>{f9150885-35d2-4292-a6ce-696030224714}</UniqueIdentifier>
    </Filter>
  </ItemGroup>
  <ItemGroup>
    <ClInclude Include="pch.h" />
    <ClInclude Include="Game.h" />
    <ClInclude Include="StepTimer.h">
      <Filter>Common</Filter>
    </ClInclude>
    <ClInclude Include="DeviceResources.h">
      <Filter>Common</Filter>
    </ClInclude>
    <ClInclude Include="ImaseLib\DebugFont.h">
      <Filter>ImaseLib</Filter>
    </ClInclude>
    <ClInclude Include="ImaseLib\SceneManager.h">
      <Filter>ImaseLib</Filter>
    </ClInclude>
    <ClInclude Include="TitleScene.h">
      <Filter>Title</Filter>
    </ClInclude>
    <ClInclude Include="UserResources.h" />
    <ClInclude Include="PakPakMonster\PakPakMonster.h">
      <Filter>PakPakMonster</Filter>
    </ClInclude>
    <ClInclude Include="PakPakMonster\Map.h">
      <Filter>PakPakMonster</Filter>
    </ClInclude>
    <ClInclude Include="PakPakMonster\Direction.h">
      <Filter>PakPakMonster</Filter>
    </ClInclude>
    <ClInclude Include="PakPakMonster\Player.h">
      <Filter>PakPakMonster</Filter>
    </ClInclude>
    <ClInclude Include="PakPakMonster\Monster.h">
      <Filter>PakPakMonster</Filter>
    </ClInclude>
    <ClInclude Include="PakPakMonster\Color.h">
      <Filter>PakPakMonster</Filter>
    </ClInclude>
  </ItemGroup>
  <ItemGroup>
    <ClCompile Include="pch.cpp" />
    <ClCompile Include="Game.cpp" />
    <ClCompile Include="Main.cpp" />
    <ClCompile Include="DeviceResources.cpp">
      <Filter>Common</Filter>
    </ClCompile>
    <ClCompile Include="ImaseLib\DebugFont.cpp">
      <Filter>ImaseLib</Filter>
    </ClCompile>
    <ClCompile Include="TitleScene.cpp">
      <Filter>Title</Filter>
    </ClCompile>
    <ClCompile Include="PakPakMonster\PakPakMonster.cpp">
      <Filter>PakPakMonster</Filter>
    </ClCompile>
    <ClCompile Include="PakPakMonster\Map.cpp">
      <Filter>PakPakMonster</Filter>
    </ClCompile>
    <ClCompile Include="PakPakMonster\Player.cpp">
      <Filter>PakPakMonster</Filter>
    </ClCompile>
    <ClCompile Include="PakPakMonster\Monster.cpp">
      <Filter>PakPakMonster</Filter>
    </ClCompile>
  </ItemGroup>
  <ItemGroup>
    <ResourceCompile Include="resource.rc" />
  </ItemGroup>
  <ItemGroup>
    <Image Include="directx.ico">
      <Filter>Assets</Filter>
    </Image>
  </ItemGroup>
  <ItemGroup>
    <Manifest Include="settings.manifest">
      <Filter>Assets</Filter>
    </Manifest>
  </ItemGroup>
  <ItemGroup>
    <None Include="packages.config" />
  </ItemGroup>
  <ItemGroup>
    <ImageContentTask Include="Textures\bg_01.png">
      <Filter>PakPakMonster\Textures</Filter>
    </ImageContentTask>
    <ImageContentTask Include="Textures\bg_02.png">
      <Filter>PakPakMonster\Textures</Filter>
    </ImageContentTask>
    <ImageContentTask Include="Textures\bg_03.png">
      <Filter>PakPakMonster\Textures</Filter>
    </ImageContentTask>
    <ImageContentTask Include="Textures\food.png">
      <Filter>PakPakMonster\Textures</Filter>
    </ImageContentTask>
    <ImageContentTask Include="Textures\monster.png">
      <Filter>PakPakMonster\Textures</Filter>
    </ImageContentTask>
    <ImageContentTask Include="Textures\number.png">
      <Filter>PakPakMonster\Textures</Filter>
    </ImageContentTask>
    <ImageContentTask Include="Textures\player.png">
      <Filter>PakPakMonster\Textures</Filter>
    </ImageContentTask>
    <ImageContentTask Include="Textures\result.png">
      <Filter>PakPakMonster\Textures</Filter>
    </ImageContentTask>
    <ImageContentTask Include="PakPakMonster\Textures\bg_01.png">
      <Filter>Textures</Filter>
    </ImageContentTask>
    <ImageContentTask Include="PakPakMonster\Textures\bg_02.png">
      <Filter>Textures</Filter>
    </ImageContentTask>
    <ImageContentTask Include="PakPakMonster\Textures\bg_03.png">
      <Filter>Textures</Filter>
    </ImageContentTask>
    <ImageContentTask Include="PakPakMonster\Textures\food.png">
      <Filter>Textures</Filter>
    </ImageContentTask>
    <ImageContentTask Include="PakPakMonster\Textures\monster.png">
      <Filter>Textures</Filter>
    </ImageContentTask>
    <ImageContentTask Include="PakPakMonster\Textures\number.png">
      <Filter>Textures</Filter>
    </ImageContentTask>
    <ImageContentTask Include="PakPakMonster\Textures\player.png">
      <Filter>Textures</Filter>
    </ImageContentTask>
    <ImageContentTask Include="PakPakMonster\Textures\result.png">
      <Filter>Textures</Filter>
    </ImageContentTask>
  </ItemGroup>
</Project>